
Microsoft Visual Studio Solution File, Format Version 12.00
# Visual Studio 15
Project("{FAE04EC0-301F-11D3-BF4B-00C04F79EFBC}") = "ServMon", "ServMon\ServMon.csproj", "{9860D947-9235-4B1E-9125-5BA60F1A7EE4}"
EndProject
Global
	GlobalSection(SolutionConfigurationPlatforms) = preSolution
		Debug|Any CPU = Debug|Any CPU
		Release|Any CPU = Release|Any CPU
	EndGlobalSection
	GlobalSection(ProjectConfigurationPlatforms) = postSolution
		{9860D947-9235-4B1E-9125-5BA60F1A7EE4}.Debug|Any CPU.ActiveCfg = Debug|Any CPU
		{9860D947-9235-4B1E-9125-5BA60F1A7EE4}.Debug|Any CPU.Build.0 = Debug|Any CPU
		{9860D947-9235-4B1E-9125-5BA60F1A7EE4}.Release|Any CPU.ActiveCfg = Release|Any CPU
		{9860D947-9235-4B1E-9125-5BA60F1A7EE4}.Release|Any CPU.Build.0 = Release|Any CPU
	EndGlobalSection
EndGlobal
